
Microsoft Visual Studio Solution File, Format Version 12.00
# Visual Studio Version 17
VisualStudioVersion = 17.9.34714.143
MinimumVisualStudioVersion = 10.0.40219.1
Project("{FAE04EC0-301F-11D3-BF4B-00C04F79EFBC}") = "Group20_Assignment11", "Group20_Assignment11\Group20_Assignment11.csproj", "{5964D362-29FC-4D72-A068-0ADE55979F60}"
EndProject
Global
	GlobalSection(SolutionConfigurationPlatforms) = preSolution
		Debug|Any CPU = Debug|Any CPU
		Release|Any CPU = Release|Any CPU
	EndGlobalSection
	GlobalSection(ProjectConfigurationPlatforms) = postSolution
		{5964D362-29FC-4D72-A068-0ADE55979F60}.Debug|Any CPU.ActiveCfg = Debug|Any CPU
		{5964D362-29FC-4D72-A068-0ADE55979F60}.Debug|Any CPU.Build.0 = Debug|Any CPU
		{5964D362-29FC-4D72-A068-0ADE55979F60}.Release|Any CPU.ActiveCfg = Release|Any CPU
		{5964D362-29FC-4D72-A068-0ADE55979F60}.Release|Any CPU.Build.0 = Release|Any CPU
	EndGlobalSection
	GlobalSection(SolutionProperties) = preSolution
		HideSolutionNode = FALSE
	EndGlobalSection
	GlobalSection(ExtensibilityGlobals) = postSolution
		SolutionGuid = {E94EC439-2554-40FE-9AFA-59D2B7CC9C52}
	EndGlobalSection
EndGlobal
